// !$*UTF8*$!
{
	archiveVersion = 1;
	classes = {
	};
	objectVersion = 56;
	objects = {

/* Begin PBXBuildFile section */
		1CD813A42C1B240C005A0209 /* Fetch_IOS_Coding_ChallengeApp.swift in Sources */ = {isa = PBXBuildFile; fileRef = 1CD813A32C1B240C005A0209 /* Fetch_IOS_Coding_ChallengeApp.swift */; };
		1CD813A62C1B240C005A0209 /* ContentView.swift in Sources */ = {isa = PBXBuildFile; fileRef = 1CD813A52C1B240C005A0209 /* ContentView.swift */; };
		1CD813A82C1B240C005A0209 /* Assets.xcassets in Resources */ = {isa = PBXBuildFile; fileRef = 1CD813A72C1B240C005A0209 /* Assets.xcassets */; };
		1CD813AB2C1B240C005A0209 /* Preview Assets.xcassets in Resources */ = {isa = PBXBuildFile; fileRef = 1CD813AA2C1B240C005A0209 /* Preview Assets.xcassets */; };
		1CD813B32C1B2473005A0209 /* Meal.swift in Sources */ = {isa = PBXBuildFile; fileRef = 1CD813B22C1B2473005A0209 /* Meal.swift */; };
		1CD813B52C1B256E005A0209 /* MealDetail.swift in Sources */ = {isa = PBXBuildFile; fileRef = 1CD813B42C1B256E005A0209 /* MealDetail.swift */; };
		1CD813B82C1B2740005A0209 /* MealService.swift in Sources */ = {isa = PBXBuildFile; fileRef = 1CD813B72C1B2740005A0209 /* MealService.swift */; };
		1CD813BB2C1B3726005A0209 /* MealsViewModel.swift in Sources */ = {isa = PBXBuildFile; fileRef = 1CD813BA2C1B3726005A0209 /* MealsViewModel.swift */; };
		1CD813BD2C1B4297005A0209 /* MealDetailViewModel.swift in Sources */ = {isa = PBXBuildFile; fileRef = 1CD813BC2C1B4297005A0209 /* MealDetailViewModel.swift */; };
		1CD813C02C1B4626005A0209 /* MealRowView.swift in Sources */ = {isa = PBXBuildFile; fileRef = 1CD813BF2C1B4626005A0209 /* MealRowView.swift */; };
		1CD813C22C1B46BD005A0209 /* SampleData.swift in Sources */ = {isa = PBXBuildFile; fileRef = 1CD813C12C1B46BD005A0209 /* SampleData.swift */; };
		1CD813C42C1B4A06005A0209 /* MealListView.swift in Sources */ = {isa = PBXBuildFile; fileRef = 1CD813C32C1B4A06005A0209 /* MealListView.swift */; };
		1CD813C62C1B4D45005A0209 /* MealDetailView.swift in Sources */ = {isa = PBXBuildFile; fileRef = 1CD813C52C1B4D45005A0209 /* MealDetailView.swift */; };
/* End PBXBuildFile section */

/* Begin PBXFileReference section */
		1CD813A02C1B240C005A0209 /* Fetch IOS Coding Challenge.app */ = {isa = PBXFileReference; explicitFileType = wrapper.application; includeInIndex = 0; path = "Fetch IOS Coding Challenge.app"; sourceTree = BUILT_PRODUCTS_DIR; };
		1CD813A32C1B240C005A0209 /* Fetch_IOS_Coding_ChallengeApp.swift */ = {isa = PBXFileReference; lastKnownFileType = sourcecode.swift; path = Fetch_IOS_Coding_ChallengeApp.swift; sourceTree = "<group>"; };
		1CD813A52C1B240C005A0209 /* ContentView.swift */ = {isa = PBXFileReference; lastKnownFileType = sourcecode.swift; path = ContentView.swift; sourceTree = "<group>"; };
		1CD813A72C1B240C005A0209 /* Assets.xcassets */ = {isa = PBXFileReference; lastKnownFileType = folder.assetcatalog; path = Assets.xcassets; sourceTree = "<group>"; };
		1CD813AA2C1B240C005A0209 /* Preview Assets.xcassets */ = {isa = PBXFileReference; lastKnownFileType = folder.assetcatalog; path = "Preview Assets.xcassets"; sourceTree = "<group>"; };
		1CD813B22C1B2473005A0209 /* Meal.swift */ = {isa = PBXFileReference; lastKnownFileType = sourcecode.swift; path = Meal.swift; sourceTree = "<group>"; };
		1CD813B42C1B256E005A0209 /* MealDetail.swift */ = {isa = PBXFileReference; lastKnownFileType = sourcecode.swift; path = MealDetail.swift; sourceTree = "<group>"; };
		1CD813B72C1B2740005A0209 /* MealService.swift */ = {isa = PBXFileReference; lastKnownFileType = sourcecode.swift; path = MealService.swift; sourceTree = "<group>"; };
		1CD813BA2C1B3726005A0209 /* MealsViewModel.swift */ = {isa = PBXFileReference; lastKnownFileType = sourcecode.swift; path = MealsViewModel.swift; sourceTree = "<group>"; };
		1CD813BC2C1B4297005A0209 /* MealDetailViewModel.swift */ = {isa = PBXFileReference; lastKnownFileType = sourcecode.swift; path = MealDetailViewModel.swift; sourceTree = "<group>"; };
		1CD813BF2C1B4626005A0209 /* MealRowView.swift */ = {isa = PBXFileReference; lastKnownFileType = sourcecode.swift; path = MealRowView.swift; sourceTree = "<group>"; };
		1CD813C12C1B46BD005A0209 /* SampleData.swift */ = {isa = PBXFileReference; lastKnownFileType = sourcecode.swift; path = SampleData.swift; sourceTree = "<group>"; };
		1CD813C32C1B4A06005A0209 /* MealListView.swift */ = {isa = PBXFileReference; lastKnownFileType = sourcecode.swift; path = MealListView.swift; sourceTree = "<group>"; };
		1CD813C52C1B4D45005A0209 /* MealDetailView.swift */ = {isa = PBXFileReference; lastKnownFileType = sourcecode.swift; path = MealDetailView.swift; sourceTree = "<group>"; };
/* End PBXFileReference section */

/* Begin PBXFrameworksBuildPhase section */
		1CD8139D2C1B240C005A0209 /* Frameworks */ = {
			isa = PBXFrameworksBuildPhase;
			buildActionMask = 2147483647;
			files = (
			);
			runOnlyForDeploymentPostprocessing = 0;
		};
/* End PBXFrameworksBuildPhase section */

/* Begin PBXGroup section */
		1CD813972C1B240C005A0209 = {
			isa = PBXGroup;
			children = (
				1CD813A22C1B240C005A0209 /* Fetch IOS Coding Challenge */,
				1CD813A12C1B240C005A0209 /* Products */,
			);
			sourceTree = "<group>";
		};
		1CD813A12C1B240C005A0209 /* Products */ = {
			isa = PBXGroup;
			children = (
				1CD813A02C1B240C005A0209 /* Fetch IOS Coding Challenge.app */,
			);
			name = Products;
			sourceTree = "<group>";
		};
		1CD813A22C1B240C005A0209 /* Fetch IOS Coding Challenge */ = {
			isa = PBXGroup;
			children = (
				1CD813A32C1B240C005A0209 /* Fetch_IOS_Coding_ChallengeApp.swift */,
				1CD813A52C1B240C005A0209 /* ContentView.swift */,
				1CD813B12C1B2442005A0209 /* Models */,
				1CD813B62C1B26A7005A0209 /* Services */,
				1CD813B92C1B3586005A0209 /* ViewModels */,
				1CD813BE2C1B45C4005A0209 /* Views */,
				1CD813A72C1B240C005A0209 /* Assets.xcassets */,
				1CD813A92C1B240C005A0209 /* Preview Content */,
			);
			path = "Fetch IOS Coding Challenge";
			sourceTree = "<group>";
		};
		1CD813A92C1B240C005A0209 /* Preview Content */ = {
			isa = PBXGroup;
			children = (
				1CD813AA2C1B240C005A0209 /* Preview Assets.xcassets */,
				1CD813C12C1B46BD005A0209 /* SampleData.swift */,
			);
			path = "Preview Content";
			sourceTree = "<group>";
		};
		1CD813B12C1B2442005A0209 /* Models */ = {
			isa = PBXGroup;
			children = (
				1CD813B22C1B2473005A0209 /* Meal.swift */,
				1CD813B42C1B256E005A0209 /* MealDetail.swift */,
			);
			path = Models;
			sourceTree = "<group>";
		};
		1CD813B62C1B26A7005A0209 /* Services */ = {
			isa = PBXGroup;
			children = (
				1CD813B72C1B2740005A0209 /* MealService.swift */,
			);
			path = Services;
			sourceTree = "<group>";
		};
		1CD813B92C1B3586005A0209 /* ViewModels */ = {
			isa = PBXGroup;
			children = (
				1CD813BA2C1B3726005A0209 /* MealsViewModel.swift */,
				1CD813BC2C1B4297005A0209 /* MealDetailViewModel.swift */,
			);
			path = ViewModels;
			sourceTree = "<group>";
		};
		1CD813BE2C1B45C4005A0209 /* Views */ = {
			isa = PBXGroup;
			children = (
				1CD813BF2C1B4626005A0209 /* MealRowView.swift */,
				1CD813C32C1B4A06005A0209 /* MealListView.swift */,
				1CD813C52C1B4D45005A0209 /* MealDetailView.swift */,
			);
			path = Views;
			sourceTree = "<group>";
		};
/* End PBXGroup section */

/* Begin PBXNativeTarget section */
		1CD8139F2C1B240C005A0209 /* Fetch IOS Coding Challenge */ = {
			isa = PBXNativeTarget;
			buildConfigurationList = 1CD813AE2C1B240C005A0209 /* Build configuration list for PBXNativeTarget "Fetch IOS Coding Challenge" */;
			buildPhases = (
				1CD8139C2C1B240C005A0209 /* Sources */,
				1CD8139D2C1B240C005A0209 /* Frameworks */,
				1CD8139E2C1B240C005A0209 /* Resources */,
			);
			buildRules = (
			);
			dependencies = (
			);
			name = "Fetch IOS Coding Challenge";
			productName = "Fetch IOS Coding Challenge";
			productReference = 1CD813A02C1B240C005A0209 /* Fetch IOS Coding Challenge.app */;
			productType = "com.apple.product-type.application";
		};
/* End PBXNativeTarget section */

/* Begin PBXProject section */
		1CD813982C1B240C005A0209 /* Project object */ = {
			isa = PBXProject;
			attributes = {
				BuildIndependentTargetsInParallel = 1;
				LastSwiftUpdateCheck = 1540;
				LastUpgradeCheck = 1540;
				TargetAttributes = {
					1CD8139F2C1B240C005A0209 = {
						CreatedOnToolsVersion = 15.4;
					};
				};
			};
			buildConfigurationList = 1CD8139B2C1B240C005A0209 /* Build configuration list for PBXProject "Fetch IOS Coding Challenge" */;
			compatibilityVersion = "Xcode 14.0";
			developmentRegion = en;
			hasScannedForEncodings = 0;
			knownRegions = (
				en,
				Base,
			);
			mainGroup = 1CD813972C1B240C005A0209;
			productRefGroup = 1CD813A12C1B240C005A0209 /* Products */;
			projectDirPath = "";
			projectRoot = "";
			targets = (
				1CD8139F2C1B240C005A0209 /* Fetch IOS Coding Challenge */,
			);
		};
/* End PBXProject section */

/* Begin PBXResourcesBuildPhase section */
		1CD8139E2C1B240C005A0209 /* Resources */ = {
			isa = PBXResourcesBuildPhase;
			buildActionMask = 2147483647;
			files = (
				1CD813AB2C1B240C005A0209 /* Preview Assets.xcassets in Resources */,
				1CD813A82C1B240C005A0209 /* Assets.xcassets in Resources */,
			);
			runOnlyForDeploymentPostprocessing = 0;
		};
/* End PBXResourcesBuildPhase section */

/* Begin PBXSourcesBuildPhase section */
		1CD8139C2C1B240C005A0209 /* Sources */ = {
			isa = PBXSourcesBuildPhase;
			buildActionMask = 2147483647;
			files = (
				1CD813A62C1B240C005A0209 /* ContentView.swift in Sources */,
				1CD813B52C1B256E005A0209 /* MealDetail.swift in Sources */,
				1CD813B32C1B2473005A0209 /* Meal.swift in Sources */,
				1CD813C62C1B4D45005A0209 /* MealDetailView.swift in Sources */,
				1CD813B82C1B2740005A0209 /* MealService.swift in Sources */,
				1CD813A42C1B240C005A0209 /* Fetch_IOS_Coding_ChallengeApp.swift in Sources */,
				1CD813BD2C1B4297005A0209 /* MealDetailViewModel.swift in Sources */,
				1CD813C02C1B4626005A0209 /* MealRowView.swift in Sources */,
				1CD813C22C1B46BD005A0209 /* SampleData.swift in Sources */,
				1CD813BB2C1B3726005A0209 /* MealsViewModel.swift in Sources */,
				1CD813C42C1B4A06005A0209 /* MealListView.swift in Sources */,
			);
			runOnlyForDeploymentPostprocessing = 0;
		};
/* End PBXSourcesBuildPhase section */

/* Begin XCBuildConfiguration section */
		1CD813AC2C1B240C005A0209 /* Debug */ = {
			isa = XCBuildConfiguration;
			buildSettings = {
				ALWAYS_SEARCH_USER_PATHS = NO;
				ASSETCATALOG_COMPILER_GENERATE_SWIFT_ASSET_SYMBOL_EXTENSIONS = YES;
				CLANG_ANALYZER_NONNULL = YES;
				CLANG_ANALYZER_NUMBER_OBJECT_CONVERSION = YES_AGGRESSIVE;
				CLANG_CXX_LANGUAGE_STANDARD = "gnu++20";
				CLANG_ENABLE_MODULES = YES;
				CLANG_ENABLE_OBJC_ARC = YES;
				CLANG_ENABLE_OBJC_WEAK = YES;
				CLANG_WARN_BLOCK_CAPTURE_AUTORELEASING = YES;
				CLANG_WARN_BOOL_CONVERSION = YES;
				CLANG_WARN_COMMA = YES;
				CLANG_WARN_CONSTANT_CONVERSION = YES;
				CLANG_WARN_DEPRECATED_OBJC_IMPLEMENTATIONS = YES;
				CLANG_WARN_DIRECT_OBJC_ISA_USAGE = YES_ERROR;
				CLANG_WARN_DOCUMENTATION_COMMENTS = YES;
				CLANG_WARN_EMPTY_BODY = YES;
				CLANG_WARN_ENUM_CONVERSION = YES;
				CLANG_WARN_INFINITE_RECURSION = YES;
				CLANG_WARN_INT_CONVERSION = YES;
				CLANG_WARN_NON_LITERAL_NULL_CONVERSION = YES;
				CLANG_WARN_OBJC_IMPLICIT_RETAIN_SELF = YES;
				CLANG_WARN_OBJC_LITERAL_CONVERSION = YES;
				CLANG_WARN_OBJC_ROOT_CLASS = YES_ERROR;
				CLANG_WARN_QUOTED_INCLUDE_IN_FRAMEWORK_HEADER = YES;
				CLANG_WARN_RANGE_LOOP_ANALYSIS = YES;
				CLANG_WARN_STRICT_PROTOTYPES = YES;
				CLANG_WARN_SUSPICIOUS_MOVE = YES;
				CLANG_WARN_UNGUARDED_AVAILABILITY = YES_AGGRESSIVE;
				CLANG_WARN_UNREACHABLE_CODE = YES;
				CLANG_WARN__DUPLICATE_METHOD_MATCH = YES;
				COPY_PHASE_STRIP = NO;
				DEBUG_INFORMATION_FORMAT = dwarf;
				ENABLE_STRICT_OBJC_MSGSEND = YES;
				ENABLE_TESTABILITY = YES;
				ENABLE_USER_SCRIPT_SANDBOXING = YES;
				GCC_C_LANGUAGE_STANDARD = gnu17;
				GCC_DYNAMIC_NO_PIC = NO;
				GCC_NO_COMMON_BLOCKS = YES;
				GCC_OPTIMIZATION_LEVEL = 0;
				GCC_PREPROCESSOR_DEFINITIONS = (
					"DEBUG=1",
					"$(inherited)",
				);
				GCC_WARN_64_TO_32_BIT_CONVERSION = YES;
				GCC_WARN_ABOUT_RETURN_TYPE = YES_ERROR;
				GCC_WARN_UNDECLARED_SELECTOR = YES;
				GCC_WARN_UNINITIALIZED_AUTOS = YES_AGGRESSIVE;
				GCC_WARN_UNUSED_FUNCTION = YES;
				GCC_WARN_UNUSED_VARIABLE = YES;
				IPHONEOS_DEPLOYMENT_TARGET = 17.5;
				LOCALIZATION_PREFERS_STRING_CATALOGS = YES;
				MTL_ENABLE_DEBUG_INFO = INCLUDE_SOURCE;
				MTL_FAST_MATH = YES;
				ONLY_ACTIVE_ARCH = YES;
				SDKROOT = iphoneos;
				SWIFT_ACTIVE_COMPILATION_CONDITIONS = "DEBUG $(inherited)";
				SWIFT_OPTIMIZATION_LEVEL = "-Onone";
			};
			name = Debug;
		};
		1CD813AD2C1B240C005A0209 /* Release */ = {
			isa = XCBuildConfiguration;
			buildSettings = {
				ALWAYS_SEARCH_USER_PATHS = NO;
				ASSETCATALOG_COMPILER_GENERATE_SWIFT_ASSET_SYMBOL_EXTENSIONS = YES;
				CLANG_ANALYZER_NONNULL = YES;
				CLANG_ANALYZER_NUMBER_OBJECT_CONVERSION = YES_AGGRESSIVE;
				CLANG_CXX_LANGUAGE_STANDARD = "gnu++20";
				CLANG_ENABLE_MODULES = YES;
				CLANG_ENABLE_OBJC_ARC = YES;
				CLANG_ENABLE_OBJC_WEAK = YES;
				CLANG_WARN_BLOCK_CAPTURE_AUTORELEASING = YES;
				CLANG_WARN_BOOL_CONVERSION = YES;
				CLANG_WARN_COMMA = YES;
				CLANG_WARN_CONSTANT_CONVERSION = YES;
				CLANG_WARN_DEPRECATED_OBJC_IMPLEMENTATIONS = YES;
				CLANG_WARN_DIRECT_OBJC_ISA_USAGE = YES_ERROR;
				CLANG_WARN_DOCUMENTATION_COMMENTS = YES;
				CLANG_WARN_EMPTY_BODY = YES;
				CLANG_WARN_ENUM_CONVERSION = YES;
				CLANG_WARN_INFINITE_RECURSION = YES;
				CLANG_WARN_INT_CONVERSION = YES;
				CLANG_WARN_NON_LITERAL_NULL_CONVERSION = YES;
				CLANG_WARN_OBJC_IMPLICIT_RETAIN_SELF = YES;
				CLANG_WARN_OBJC_LITERAL_CONVERSION = YES;
				CLANG_WARN_OBJC_ROOT_CLASS = YES_ERROR;
				CLANG_WARN_QUOTED_INCLUDE_IN_FRAMEWORK_HEADER = YES;
				CLANG_WARN_RANGE_LOOP_ANALYSIS = YES;
				CLANG_WARN_STRICT_PROTOTYPES = YES;
				CLANG_WARN_SUSPICIOUS_MOVE = YES;
				CLANG_WARN_UNGUARDED_AVAILABILITY = YES_AGGRESSIVE;
				CLANG_WARN_UNREACHABLE_CODE = YES;
				CLANG_WARN__DUPLICATE_METHOD_MATCH = YES;
				COPY_PHASE_STRIP = NO;
				DEBUG_INFORMATION_FORMAT = "dwarf-with-dsym";
				ENABLE_NS_ASSERTIONS = NO;
				ENABLE_STRICT_OBJC_MSGSEND = YES;
				ENABLE_USER_SCRIPT_SANDBOXING = YES;
				GCC_C_LANGUAGE_STANDARD = gnu17;
				GCC_NO_COMMON_BLOCKS = YES;
				GCC_WARN_64_TO_32_BIT_CONVERSION = YES;
				GCC_WARN_ABOUT_RETURN_TYPE = YES_ERROR;
				GCC_WARN_UNDECLARED_SELECTOR = YES;
				GCC_WARN_UNINITIALIZED_AUTOS = YES_AGGRESSIVE;
				GCC_WARN_UNUSED_FUNCTION = YES;
				GCC_WARN_UNUSED_VARIABLE = YES;
				IPHONEOS_DEPLOYMENT_TARGET = 17.5;
				LOCALIZATION_PREFERS_STRING_CATALOGS = YES;
				MTL_ENABLE_DEBUG_INFO = NO;
				MTL_FAST_MATH = YES;
				SDKROOT = iphoneos;
				SWIFT_COMPILATION_MODE = wholemodule;
				VALIDATE_PRODUCT = YES;
			};
			name = Release;
		};
		1CD813AF2C1B240C005A0209 /* Debug */ = {
			isa = XCBuildConfiguration;
			buildSettings = {
				ASSETCATALOG_COMPILER_APPICON_NAME = AppIcon;
				ASSETCATALOG_COMPILER_GLOBAL_ACCENT_COLOR_NAME = AccentColor;
				CODE_SIGN_STYLE = Automatic;
				CURRENT_PROJECT_VERSION = 1;
				DEVELOPMENT_ASSET_PATHS = "\"Fetch IOS Coding Challenge/Preview Content\"";
				ENABLE_PREVIEWS = YES;
				GENERATE_INFOPLIST_FILE = YES;
				INFOPLIST_KEY_UIApplicationSceneManifest_Generation = YES;
				INFOPLIST_KEY_UIApplicationSupportsIndirectInputEvents = YES;
				INFOPLIST_KEY_UILaunchScreen_Generation = YES;
				INFOPLIST_KEY_UISupportedInterfaceOrientations_iPad = "UIInterfaceOrientationPortrait UIInterfaceOrientationPortraitUpsideDown UIInterfaceOrientationLandscapeLeft UIInterfaceOrientationLandscapeRight";
				INFOPLIST_KEY_UISupportedInterfaceOrientations_iPhone = "UIInterfaceOrientationPortrait UIInterfaceOrientationLandscapeLeft UIInterfaceOrientationLandscapeRight";
				LD_RUNPATH_SEARCH_PATHS = (
					"$(inherited)",
					"@executable_path/Frameworks",
				);
				MARKETING_VERSION = 1.0;
				PRODUCT_BUNDLE_IDENTIFIER = "chocolate-ai.Fetch-IOS-Coding-Challenge";
				PRODUCT_NAME = "$(TARGET_NAME)";
				SWIFT_EMIT_LOC_STRINGS = YES;
				SWIFT_VERSION = 5.0;
				TARGETED_DEVICE_FAMILY = "1,2";
			};
			name = Debug;
		};
		1CD813B02C1B240C005A0209 /* Release */ = {
			isa = XCBuildConfiguration;
			buildSettings = {
				ASSETCATALOG_COMPILER_APPICON_NAME = AppIcon;
				ASSETCATALOG_COMPILER_GLOBAL_ACCENT_COLOR_NAME = AccentColor;
				CODE_SIGN_STYLE = Automatic;
				CURRENT_PROJECT_VERSION = 1;
				DEVELOPMENT_ASSET_PATHS = "\"Fetch IOS Coding Challenge/Preview Content\"";
				ENABLE_PREVIEWS = YES;
				GENERATE_INFOPLIST_FILE = YES;
				INFOPLIST_KEY_UIApplicationSceneManifest_Generation = YES;
				INFOPLIST_KEY_UIApplicationSupportsIndirectInputEvents = YES;
				INFOPLIST_KEY_UILaunchScreen_Generation = YES;
				INFOPLIST_KEY_UISupportedInterfaceOrientations_iPad = "UIInterfaceOrientationPortrait UIInterfaceOrientationPortraitUpsideDown UIInterfaceOrientationLandscapeLeft UIInterfaceOrientationLandscapeRight";
				INFOPLIST_KEY_UISupportedInterfaceOrientations_iPhone = "UIInterfaceOrientationPortrait UIInterfaceOrientationLandscapeLeft UIInterfaceOrientationLandscapeRight";
				LD_RUNPATH_SEARCH_PATHS = (
					"$(inherited)",
					"@executable_path/Frameworks",
				);
				MARKETING_VERSION = 1.0;
				PRODUCT_BUNDLE_IDENTIFIER = "chocolate-ai.Fetch-IOS-Coding-Challenge";
				PRODUCT_NAME = "$(TARGET_NAME)";
				SWIFT_EMIT_LOC_STRINGS = YES;
				SWIFT_VERSION = 5.0;
				TARGETED_DEVICE_FAMILY = "1,2";
			};
			name = Release;
		};
/* End XCBuildConfiguration section */

/* Begin XCConfigurationList section */
		1CD8139B2C1B240C005A0209 /* Build configuration list for PBXProject "Fetch IOS Coding Challenge" */ = {
			isa = XCConfigurationList;
			buildConfigurations = (
				1CD813AC2C1B240C005A0209 /* Debug */,
				1CD813AD2C1B240C005A0209 /* Release */,
			);
			defaultConfigurationIsVisible = 0;
			defaultConfigurationName = Release;
		};
		1CD813AE2C1B240C005A0209 /* Build configuration list for PBXNativeTarget "Fetch IOS Coding Challenge" */ = {
			isa = XCConfigurationList;
			buildConfigurations = (
				1CD813AF2C1B240C005A0209 /* Debug */,
				1CD813B02C1B240C005A0209 /* Release */,
			);
			defaultConfigurationIsVisible = 0;
			defaultConfigurationName = Release;
		};
/* End XCConfigurationList section */
	};
	rootObject = 1CD813982C1B240C005A0209 /* Project object */;
}
